
Microsoft Visual Studio Solution File, Format Version 12.00
# Visual Studio Version 16
VisualStudioVersion = 16.0.30225.117
MinimumVisualStudioVersion = 10.0.40219.1
Project("{FAE04EC0-301F-11D3-BF4B-00C04F79EFBC}") = "Local_Dns_Spoofer", "Local_Dns_Spoofer\Local_Dns_Spoofer.csproj", "{6870D17B-EB91-4368-8A9F-594C47D136FC}"
EndProject
Global
	GlobalSection(SolutionConfigurationPlatforms) = preSolution
		Debug|Any CPU = Debug|Any CPU
		Release|Any CPU = Release|Any CPU
	EndGlobalSection
	GlobalSection(ProjectConfigurationPlatforms) = postSolution
		{6870D17B-EB91-4368-8A9F-594C47D136FC}.Debug|Any CPU.ActiveCfg = Debug|Any CPU
		{6870D17B-EB91-4368-8A9F-594C47D136FC}.Debug|Any CPU.Build.0 = Debug|Any CPU
		{6870D17B-EB91-4368-8A9F-594C47D136FC}.Release|Any CPU.ActiveCfg = Release|Any CPU
		{6870D17B-EB91-4368-8A9F-594C47D136FC}.Release|Any CPU.Build.0 = Release|Any CPU
	EndGlobalSection
	GlobalSection(SolutionProperties) = preSolution
		HideSolutionNode = FALSE
	EndGlobalSection
	GlobalSection(ExtensibilityGlobals) = postSolution
		SolutionGuid = {F07828A8-64C8-478F-9FDC-EE32F4EBA92A}
	EndGlobalSection
EndGlobal
